
Microsoft Visual Studio Solution File, Format Version 12.00
# Visual Studio Version 17
VisualStudioVersion = 17.8.34525.116
MinimumVisualStudioVersion = 10.0.40219.1
Project("{9A19103F-16F7-4668-BE54-9A1E7A4F7556}") = "RevitAddin.WpfUi.Sample", "RevitAddin.WpfUi.Sample\RevitAddin.WpfUi.Sample.csproj", "{37164B47-E455-436D-8D8D-1F02B7A2B688}"
EndProject
Project("{9A19103F-16F7-4668-BE54-9A1E7A4F7556}") = "Build", "Build\Build.csproj", "{FC21C715-9862-4978-97BC-118DD8050E08}"
EndProject
Project("{2150E333-8FDC-42A3-9474-1A3956D46DE8}") = "Solution", "Solution", "{B8FE31A6-0A1A-495A-ACE3-81C30FF6D79F}"
	ProjectSection(SolutionItems) = preProject
		CHANGELOG.md = CHANGELOG.md
		LICENSE = LICENSE
		nuget.config = nuget.config
		README.md = README.md
	EndProjectSection
EndProject
Global
	GlobalSection(SolutionConfigurationPlatforms) = preSolution
		2019|Any CPU = 2019|Any CPU
		2025|Any CPU = 2025|Any CPU
		Debug 2019|Any CPU = Debug 2019|Any CPU
		Debug 2025|Any CPU = Debug 2025|Any CPU
	EndGlobalSection
	GlobalSection(ProjectConfigurationPlatforms) = postSolution
		{37164B47-E455-436D-8D8D-1F02B7A2B688}.2019|Any CPU.ActiveCfg = 2019|Any CPU
		{37164B47-E455-436D-8D8D-1F02B7A2B688}.2019|Any CPU.Build.0 = 2019|Any CPU
		{37164B47-E455-436D-8D8D-1F02B7A2B688}.2025|Any CPU.ActiveCfg = 2025|Any CPU
		{37164B47-E455-436D-8D8D-1F02B7A2B688}.2025|Any CPU.Build.0 = 2025|Any CPU
		{37164B47-E455-436D-8D8D-1F02B7A2B688}.Debug 2019|Any CPU.ActiveCfg = Debug 2019|Any CPU
		{37164B47-E455-436D-8D8D-1F02B7A2B688}.Debug 2019|Any CPU.Build.0 = Debug 2019|Any CPU
		{37164B47-E455-436D-8D8D-1F02B7A2B688}.Debug 2025|Any CPU.ActiveCfg = Debug 2025|Any CPU
		{37164B47-E455-436D-8D8D-1F02B7A2B688}.Debug 2025|Any CPU.Build.0 = Debug 2025|Any CPU
		{FC21C715-9862-4978-97BC-118DD8050E08}.2019|Any CPU.ActiveCfg = Release|Any CPU
		{FC21C715-9862-4978-97BC-118DD8050E08}.2025|Any CPU.ActiveCfg = Release|Any CPU
		{FC21C715-9862-4978-97BC-118DD8050E08}.2025|Any CPU.Build.0 = Release|Any CPU
		{FC21C715-9862-4978-97BC-118DD8050E08}.Debug 2019|Any CPU.ActiveCfg = Debug|Any CPU
		{FC21C715-9862-4978-97BC-118DD8050E08}.Debug 2025|Any CPU.ActiveCfg = Debug|Any CPU
		{FC21C715-9862-4978-97BC-118DD8050E08}.Debug 2025|Any CPU.Build.0 = Debug|Any CPU
	EndGlobalSection
	GlobalSection(SolutionProperties) = preSolution
		HideSolutionNode = FALSE
	EndGlobalSection
	GlobalSection(ExtensibilityGlobals) = postSolution
		SolutionGuid = {11B5CC8C-F68B-40CD-9EF3-8FC5BDDC6212}
	EndGlobalSection
EndGlobal
